
Microsoft Visual Studio Solution File, Format Version 12.00
# Visual Studio 15
VisualStudioVersion = 15.0.28307.1082
MinimumVisualStudioVersion = 10.0.40219.1
Project("{FAE04EC0-301F-11D3-BF4B-00C04F79EFBC}") = "DoAn3", "DoAn3\DoAn3.csproj", "{9BDC7DAF-B0DC-4131-AB7A-019F941A1852}"
EndProject
Global
	GlobalSection(SolutionConfigurationPlatforms) = preSolution
		Debug|Any CPU = Debug|Any CPU
		Release|Any CPU = Release|Any CPU
	EndGlobalSection
	GlobalSection(ProjectConfigurationPlatforms) = postSolution
		{9BDC7DAF-B0DC-4131-AB7A-019F941A1852}.Debug|Any CPU.ActiveCfg = Debug|Any CPU
		{9BDC7DAF-B0DC-4131-AB7A-019F941A1852}.Debug|Any CPU.Build.0 = Debug|Any CPU
		{9BDC7DAF-B0DC-4131-AB7A-019F941A1852}.Release|Any CPU.ActiveCfg = Release|Any CPU
		{9BDC7DAF-B0DC-4131-AB7A-019F941A1852}.Release|Any CPU.Build.0 = Release|Any CPU
	EndGlobalSection
	GlobalSection(SolutionProperties) = preSolution
		HideSolutionNode = FALSE
	EndGlobalSection
	GlobalSection(ExtensibilityGlobals) = postSolution
		SolutionGuid = {A6DB9F7B-2F25-48E6-AFA8-B88A1C500F52}
	EndGlobalSection
EndGlobal
